
Microsoft Visual Studio Solution File, Format Version 12.00
# Visual Studio Version 17
VisualStudioVersion = 17.4.33205.214
MinimumVisualStudioVersion = 10.0.40219.1
Project("{9A19103F-16F7-4668-BE54-9A1E7A4F7556}") = "POS_Cashier", "POS_Cashier\POS_Cashier.csproj", "{1FAA572A-73F7-4399-92D9-EA0B8D48CA34}"
	ProjectSection(ProjectDependencies) = postProject
		{21AC34EC-7B38-47B0-8D37-4432E96638EB} = {21AC34EC-7B38-47B0-8D37-4432E96638EB}
		{30D8BE7B-255B-45F0-8DE6-196F39F17CFF} = {30D8BE7B-255B-45F0-8DE6-196F39F17CFF}
	EndProjectSection
EndProject
Project("{FAE04EC0-301F-11D3-BF4B-00C04F79EFBC}") = "DAL", "DAL\DAL.csproj", "{30D8BE7B-255B-45F0-8DE6-196F39F17CFF}"
EndProject
Project("{FAE04EC0-301F-11D3-BF4B-00C04F79EFBC}") = "BAL", "BAL\BAL.csproj", "{21AC34EC-7B38-47B0-8D37-4432E96638EB}"
EndProject
Global
	GlobalSection(SolutionConfigurationPlatforms) = preSolution
		Debug|Any CPU = Debug|Any CPU
		Release|Any CPU = Release|Any CPU
	EndGlobalSection
	GlobalSection(ProjectConfigurationPlatforms) = postSolution
		{1FAA572A-73F7-4399-92D9-EA0B8D48CA34}.Debug|Any CPU.ActiveCfg = Debug|Any CPU
		{1FAA572A-73F7-4399-92D9-EA0B8D48CA34}.Debug|Any CPU.Build.0 = Debug|Any CPU
		{1FAA572A-73F7-4399-92D9-EA0B8D48CA34}.Release|Any CPU.ActiveCfg = Release|Any CPU
		{1FAA572A-73F7-4399-92D9-EA0B8D48CA34}.Release|Any CPU.Build.0 = Release|Any CPU
		{30D8BE7B-255B-45F0-8DE6-196F39F17CFF}.Debug|Any CPU.ActiveCfg = Debug|Any CPU
		{30D8BE7B-255B-45F0-8DE6-196F39F17CFF}.Debug|Any CPU.Build.0 = Debug|Any CPU
		{30D8BE7B-255B-45F0-8DE6-196F39F17CFF}.Release|Any CPU.ActiveCfg = Release|Any CPU
		{30D8BE7B-255B-45F0-8DE6-196F39F17CFF}.Release|Any CPU.Build.0 = Release|Any CPU
		{21AC34EC-7B38-47B0-8D37-4432E96638EB}.Debug|Any CPU.ActiveCfg = Debug|Any CPU
		{21AC34EC-7B38-47B0-8D37-4432E96638EB}.Debug|Any CPU.Build.0 = Debug|Any CPU
		{21AC34EC-7B38-47B0-8D37-4432E96638EB}.Release|Any CPU.ActiveCfg = Release|Any CPU
		{21AC34EC-7B38-47B0-8D37-4432E96638EB}.Release|Any CPU.Build.0 = Release|Any CPU
	EndGlobalSection
	GlobalSection(SolutionProperties) = preSolution
		HideSolutionNode = FALSE
	EndGlobalSection
	GlobalSection(ExtensibilityGlobals) = postSolution
		SolutionGuid = {0BCB1BCD-ED0F-4943-BF70-C1F0EE44A07A}
	EndGlobalSection
EndGlobal
